
Microsoft Visual Studio Solution File, Format Version 12.00
# Visual Studio Version 17
VisualStudioVersion = 17.8.34330.188
MinimumVisualStudioVersion = 10.0.40219.1
Project("{FAE04EC0-301F-11D3-BF4B-00C04F79EFBC}") = "AspNetSampleApp", "AspNetSampleApp\AspNetSampleApp.csproj", "{50A4F9AC-C023-41A8-94F7-D564BD9EACB2}"
EndProject
Global
	GlobalSection(SolutionConfigurationPlatforms) = preSolution
		Debug|Any CPU = Debug|Any CPU
		Release|Any CPU = Release|Any CPU
	EndGlobalSection
	GlobalSection(ProjectConfigurationPlatforms) = postSolution
		{50A4F9AC-C023-41A8-94F7-D564BD9EACB2}.Debug|Any CPU.ActiveCfg = Debug|Any CPU
		{50A4F9AC-C023-41A8-94F7-D564BD9EACB2}.Debug|Any CPU.Build.0 = Debug|Any CPU
		{50A4F9AC-C023-41A8-94F7-D564BD9EACB2}.Release|Any CPU.ActiveCfg = Release|Any CPU
		{50A4F9AC-C023-41A8-94F7-D564BD9EACB2}.Release|Any CPU.Build.0 = Release|Any CPU
	EndGlobalSection
	GlobalSection(SolutionProperties) = preSolution
		HideSolutionNode = FALSE
	EndGlobalSection
	GlobalSection(ExtensibilityGlobals) = postSolution
		SolutionGuid = {A99D9C49-F204-46F1-AAD1-03257FF29A8C}
	EndGlobalSection
EndGlobal
